
Microsoft Visual Studio Solution File, Format Version 12.00
# Visual Studio Version 16
VisualStudioVersion = 16.0.29613.14
MinimumVisualStudioVersion = 10.0.40219.1
Project("{9A19103F-16F7-4668-BE54-9A1E7A4F7556}") = "MadXchange.Connector", "MadXchange.Connector\MadXchange.Connector.csproj", "{CECF14D0-0DD1-4DD4-87C1-C83AEC9A11B1}"
EndProject
Project("{9A19103F-16F7-4668-BE54-9A1E7A4F7556}") = "MadXchange.Common", "MadXchange.Common\MadXchange.Common.csproj", "{48D4D237-E2EA-43E9-BB93-6FABF46CA855}"
EndProject
Project("{9A19103F-16F7-4668-BE54-9A1E7A4F7556}") = "MadXchange.Exchange", "MadXchange.Exchange\MadXchange.Exchange.csproj", "{39D0D46D-7FBA-4E7F-8374-AE1CD29EEFCB}"
EndProject
Project("{9A19103F-16F7-4668-BE54-9A1E7A4F7556}") = "MadXchange.MadClient", "MadXchange.MadClient\MadXchange.MadClient.csproj", "{7CEA03A9-6B43-42A7-8895-E43B7616B274}"
EndProject
Project("{9A19103F-16F7-4668-BE54-9A1E7A4F7556}") = "MadXchange.ClientExecution", "MadXchange.ClientExecution\MadXchange.ClientExecution.csproj", "{708E8ACF-5523-406D-A412-BFB5008C5ED4}"
EndProject
Project("{2150E333-8FDC-42A3-9474-1A3956D46DE8}") = "Connector", "Connector", "{F8AB469E-8C66-4B50-9971-21BD4842CCB5}"
EndProject
Project("{2150E333-8FDC-42A3-9474-1A3956D46DE8}") = "TradeExecution", "TradeExecution", "{12E26A25-AAFD-4619-A7EA-EC0E5E530F72}"
EndProject
Project("{2150E333-8FDC-42A3-9474-1A3956D46DE8}") = "Docker", "Docker", "{A377378C-1923-4FB2-B75F-542C8548BC95}"
	ProjectSection(SolutionItems) = preProject
		docker-compose.yml = docker-compose.yml
	EndProjectSection
EndProject
Project("{2150E333-8FDC-42A3-9474-1A3956D46DE8}") = "prometheus", "prometheus", "{166DB5BA-66B3-4AC9-B521-6015F73F9FF5}"
	ProjectSection(SolutionItems) = preProject
		Dockerfile.yml = Dockerfile.yml
		prometheus.yml = prometheus.yml
	EndProjectSection
EndProject
Global
	GlobalSection(SolutionConfigurationPlatforms) = preSolution
		Debug|Any CPU = Debug|Any CPU
		Release|Any CPU = Release|Any CPU
	EndGlobalSection
	GlobalSection(ProjectConfigurationPlatforms) = postSolution
		{CECF14D0-0DD1-4DD4-87C1-C83AEC9A11B1}.Debug|Any CPU.ActiveCfg = Debug|Any CPU
		{CECF14D0-0DD1-4DD4-87C1-C83AEC9A11B1}.Debug|Any CPU.Build.0 = Debug|Any CPU
		{CECF14D0-0DD1-4DD4-87C1-C83AEC9A11B1}.Release|Any CPU.ActiveCfg = Release|Any CPU
		{CECF14D0-0DD1-4DD4-87C1-C83AEC9A11B1}.Release|Any CPU.Build.0 = Release|Any CPU
		{48D4D237-E2EA-43E9-BB93-6FABF46CA855}.Debug|Any CPU.ActiveCfg = Debug|Any CPU
		{48D4D237-E2EA-43E9-BB93-6FABF46CA855}.Debug|Any CPU.Build.0 = Debug|Any CPU
		{48D4D237-E2EA-43E9-BB93-6FABF46CA855}.Release|Any CPU.ActiveCfg = Release|Any CPU
		{48D4D237-E2EA-43E9-BB93-6FABF46CA855}.Release|Any CPU.Build.0 = Release|Any CPU
		{39D0D46D-7FBA-4E7F-8374-AE1CD29EEFCB}.Debug|Any CPU.ActiveCfg = Debug|Any CPU
		{39D0D46D-7FBA-4E7F-8374-AE1CD29EEFCB}.Debug|Any CPU.Build.0 = Debug|Any CPU
		{39D0D46D-7FBA-4E7F-8374-AE1CD29EEFCB}.Release|Any CPU.ActiveCfg = Release|Any CPU
		{39D0D46D-7FBA-4E7F-8374-AE1CD29EEFCB}.Release|Any CPU.Build.0 = Release|Any CPU
		{7CEA03A9-6B43-42A7-8895-E43B7616B274}.Debug|Any CPU.ActiveCfg = Debug|Any CPU
		{7CEA03A9-6B43-42A7-8895-E43B7616B274}.Debug|Any CPU.Build.0 = Debug|Any CPU
		{7CEA03A9-6B43-42A7-8895-E43B7616B274}.Release|Any CPU.ActiveCfg = Release|Any CPU
		{7CEA03A9-6B43-42A7-8895-E43B7616B274}.Release|Any CPU.Build.0 = Release|Any CPU
		{708E8ACF-5523-406D-A412-BFB5008C5ED4}.Debug|Any CPU.ActiveCfg = Debug|Any CPU
		{708E8ACF-5523-406D-A412-BFB5008C5ED4}.Debug|Any CPU.Build.0 = Debug|Any CPU
		{708E8ACF-5523-406D-A412-BFB5008C5ED4}.Release|Any CPU.ActiveCfg = Release|Any CPU
		{708E8ACF-5523-406D-A412-BFB5008C5ED4}.Release|Any CPU.Build.0 = Release|Any CPU
	EndGlobalSection
	GlobalSection(SolutionProperties) = preSolution
		HideSolutionNode = FALSE
	EndGlobalSection
	GlobalSection(NestedProjects) = preSolution
		{CECF14D0-0DD1-4DD4-87C1-C83AEC9A11B1} = {F8AB469E-8C66-4B50-9971-21BD4842CCB5}
		{39D0D46D-7FBA-4E7F-8374-AE1CD29EEFCB} = {F8AB469E-8C66-4B50-9971-21BD4842CCB5}
		{7CEA03A9-6B43-42A7-8895-E43B7616B274} = {12E26A25-AAFD-4619-A7EA-EC0E5E530F72}
		{708E8ACF-5523-406D-A412-BFB5008C5ED4} = {12E26A25-AAFD-4619-A7EA-EC0E5E530F72}
		{166DB5BA-66B3-4AC9-B521-6015F73F9FF5} = {A377378C-1923-4FB2-B75F-542C8548BC95}
	EndGlobalSection
	GlobalSection(ExtensibilityGlobals) = postSolution
		SolutionGuid = {44856047-6769-42A5-AA77-8F75030E11C3}
	EndGlobalSection
EndGlobal
